<?xml version="1.0" encoding="utf-8"?>
<Project ToolsVersion="4.0" xmlns="http://schemas.microsoft.com/developer/msbuild/2003">
  <ItemGroup>
    <Filter Include="Source Files">
      <UniqueIdentifier>{4FC737F1-C7A5-4376-A066-2A32D752A2FF}</UniqueIdentifier>
      <Extensions>cpp;c;cc;cxx;def;odl;idl;hpj;bat;asm;asmx</Extensions>
    </Filter>
    <Filter Include="Header Files">
      <UniqueIdentifier>{93995380-89BD-4b04-88EB-625FBE52EBFB}</UniqueIdentifier>
      <Extensions>h;hpp;hxx;hm;inl;inc;xsd</Extensions>
    </Filter>
    <Filter Include="Resource Files">
      <UniqueIdentifier>{67DA6AB6-F800-4c08-8B7A-83BB121AAD01}</UniqueIdentifier>
      <Extensions>rc;ico;cur;bmp;dlg;rc2;rct;bin;rgs;gif;jpg;jpeg;jpe;resx;tiff;tif;png;wav;mfcribbon-ms</Extensions>
    </Filter>
    <Filter Include="Header Files\iolib">
      <UniqueIdentifier>{843f6a9c-393c-471e-a006-0a8546770a47}</UniqueIdentifier>
    </Filter>
    <Filter Include="Source Files\iolib">
      <UniqueIdentifier>{b18c05c6-4fd5-42e5-bc98-2ae9fac8eb81}</UniqueIdentifier>
    </Filter>
    <Filter Include="Source Files\Win32">
      <UniqueIdentifier>{2668dbaa-e6a1-4a53-8616-e05371c3430c}</UniqueIdentifier>
    </Filter>
    <Filter Include="Header Files\Win32">
      <UniqueIdentifier>{472ffddd-e45b-4e0e-ba5b-eec159ed77fe}</UniqueIdentifier>
    </Filter>
  </ItemGroup>
  <ItemGroup>
    <ClInclude Include="src\common.h">
      <Filter>Header Files</Filter>
    </ClInclude>
    <ClInclude Include="res\resources.h">
      <Filter>Header Files</Filter>
    </ClInclude>
    <ClInclude Include="src\iolib\error.h">
      <Filter>Header Files\iolib</Filter>
    </ClInclude>
    <ClInclude Include="src\iolib\file_stream.h">
      <Filter>Header Files\iolib</Filter>
    </ClInclude>
    <ClInclude Include="src\iolib\stream.h">
      <Filter>Header Files\iolib</Filter>
    </ClInclude>
    <ClInclude Include="src\iolib\string_view.h">
      <Filter>Header Files\iolib</Filter>
    </ClInclude>
    <ClInclude Include="src\iolib\types.h">
      <Filter>Header Files\iolib</Filter>
    </ClInclude>
    <ClInclude Include="src\Win32\platform.h">
      <Filter>Header Files\Win32</Filter>
    </ClInclude>
    <ClInclude Include="src\resource_stream.h">
      <Filter>Header Files\Win32</Filter>
    </ClInclude>
    <ClInclude Include="src\Win32\windows_error.h">
      <Filter>Header Files\Win32</Filter>
    </ClInclude>
    <ClInclude Include="src\md5.h">
      <Filter>Header Files</Filter>
    </ClInclude>
  </ItemGroup>
  <ItemGroup>
    <ClCompile Include="src\common.cpp">
      <Filter>Source Files</Filter>
    </ClCompile>
    <ClCompile Include="src\main.cpp">
      <Filter>Source Files</Filter>
    </ClCompile>
    <ClCompile Include="src\iolib\file_stream.cpp">
      <Filter>Source Files\iolib</Filter>
    </ClCompile>
    <ClCompile Include="src\iolib\stream.cpp">
      <Filter>Source Files\iolib</Filter>
    </ClCompile>
    <ClCompile Include="src\iolib\string_view.cpp">
      <Filter>Source Files\iolib</Filter>
    </ClCompile>
    <ClCompile Include="src\Win32\windows_error.cpp">
      <Filter>Source Files\Win32</Filter>
    </ClCompile>
    <ClCompile Include="src\Win32\resource_stream.cpp">
      <Filter>Source Files\Win32</Filter>
    </ClCompile>
    <ClCompile Include="src\Win32\platform.cpp">
      <Filter>Source Files\Win32</Filter>
    </ClCompile>
    <ClCompile Include="src\Win32\md5.cpp">
      <Filter>Source Files\Win32</Filter>
    </ClCompile>
  </ItemGroup>
  <ItemGroup>
    <None Include="res\Wing1.dif">
      <Filter>Resource Files</Filter>
    </None>
    <None Include="res\TRANSFER.dif">
      <Filter>Resource Files</Filter>
    </None>
    <None Include="res\SM1.dif">
      <Filter>Resource Files</Filter>
    </None>
  </ItemGroup>
  <ItemGroup>
    <ResourceCompile Include="res\Win32\resources.rc">
      <Filter>Resource Files</Filter>
    </ResourceCompile>
  </ItemGroup>
</Project>